
Microsoft Visual Studio Solution File, Format Version 12.00
# Visual Studio Version 16
VisualStudioVersion = 16.0.30517.126
MinimumVisualStudioVersion = 10.0.40219.1
Project("{FAE04EC0-301F-11D3-BF4B-00C04F79EFBC}") = "StackOverflowUI", "StackOverflowUI\StackOverflowUI.csproj", "{F1D1C27E-F74A-4851-BFAB-7E2E78076487}"
EndProject
Project("{FAE04EC0-301F-11D3-BF4B-00C04F79EFBC}") = "StackOverflowAPI", "StackOverflowAPI\StackOverflowAPI.csproj", "{CED135D3-51E8-46EA-AE81-C33B14E07B65}"
EndProject
Global
	GlobalSection(SolutionConfigurationPlatforms) = preSolution
		Debug|Any CPU = Debug|Any CPU
		Release|Any CPU = Release|Any CPU
	EndGlobalSection
	GlobalSection(ProjectConfigurationPlatforms) = postSolution
		{F1D1C27E-F74A-4851-BFAB-7E2E78076487}.Debug|Any CPU.ActiveCfg = Debug|Any CPU
		{F1D1C27E-F74A-4851-BFAB-7E2E78076487}.Debug|Any CPU.Build.0 = Debug|Any CPU
		{F1D1C27E-F74A-4851-BFAB-7E2E78076487}.Release|Any CPU.ActiveCfg = Release|Any CPU
		{F1D1C27E-F74A-4851-BFAB-7E2E78076487}.Release|Any CPU.Build.0 = Release|Any CPU
		{CED135D3-51E8-46EA-AE81-C33B14E07B65}.Debug|Any CPU.ActiveCfg = Debug|Any CPU
		{CED135D3-51E8-46EA-AE81-C33B14E07B65}.Debug|Any CPU.Build.0 = Debug|Any CPU
		{CED135D3-51E8-46EA-AE81-C33B14E07B65}.Release|Any CPU.ActiveCfg = Release|Any CPU
		{CED135D3-51E8-46EA-AE81-C33B14E07B65}.Release|Any CPU.Build.0 = Release|Any CPU
	EndGlobalSection
	GlobalSection(SolutionProperties) = preSolution
		HideSolutionNode = FALSE
	EndGlobalSection
	GlobalSection(ExtensibilityGlobals) = postSolution
		SolutionGuid = {375F957C-8608-4C82-8D8E-5C68695132E5}
	EndGlobalSection
EndGlobal
